
Microsoft Visual Studio Solution File, Format Version 12.00
# Visual Studio Version 17
VisualStudioVersion = 17.0.32014.148
MinimumVisualStudioVersion = 10.0.40219.1
Project("{9A19103F-16F7-4668-BE54-9A1E7A4F7556}") = "Rainier.CardDefinitionFetcher", "Rainier.CardDefinitionFetcher\Rainier.CardDefinitionFetcher.csproj", "{FE80BA21-2C09-4A58-890A-B5F56F9EB8BB}"
EndProject
Project("{2150E333-8FDC-42A3-9474-1A3956D46DE8}") = "Solution Items", "Solution Items", "{4DE3200F-B7F3-4676-A368-B09C9F30D1BD}"
	ProjectSection(SolutionItems) = preProject
		.gitignore = .gitignore
		LICENSE.txt = LICENSE.txt
		logo.png = logo.png
		README.md = README.md
	EndProjectSection
EndProject
Global
	GlobalSection(SolutionConfigurationPlatforms) = preSolution
		Debug|Any CPU = Debug|Any CPU
		Release|Any CPU = Release|Any CPU
	EndGlobalSection
	GlobalSection(ProjectConfigurationPlatforms) = postSolution
		{FE80BA21-2C09-4A58-890A-B5F56F9EB8BB}.Debug|Any CPU.ActiveCfg = Debug|Any CPU
		{FE80BA21-2C09-4A58-890A-B5F56F9EB8BB}.Debug|Any CPU.Build.0 = Debug|Any CPU
		{FE80BA21-2C09-4A58-890A-B5F56F9EB8BB}.Release|Any CPU.ActiveCfg = Release|Any CPU
		{FE80BA21-2C09-4A58-890A-B5F56F9EB8BB}.Release|Any CPU.Build.0 = Release|Any CPU
	EndGlobalSection
	GlobalSection(SolutionProperties) = preSolution
		HideSolutionNode = FALSE
	EndGlobalSection
	GlobalSection(ExtensibilityGlobals) = postSolution
		SolutionGuid = {6856B593-9020-498B-8614-8FF4E1A7D7D6}
	EndGlobalSection
EndGlobal
